<?xml version="1.0" encoding="utf-8"?>
<Project ToolsVersion="4.0" xmlns="http://schemas.microsoft.com/developer/msbuild/2003">
  <ItemGroup>
    <Filter Include="Source Files">
      <UniqueIdentifier>{4FC737F1-C7A5-4376-A066-2A32D752A2FF}</UniqueIdentifier>
      <Extensions>cpp;c;cc;cxx;def;odl;idl;hpj;bat;asm;asmx</Extensions>
    </Filter>
    <Filter Include="Header Files">
      <UniqueIdentifier>{93995380-89BD-4b04-88EB-625FBE52EBFB}</UniqueIdentifier>
      <Extensions>h;hpp;hxx;hm;inl;inc;xsd</Extensions>
    </Filter>
    <Filter Include="Resource Files">
      <UniqueIdentifier>{67DA6AB6-F800-4c08-8B7A-83BB121AAD01}</UniqueIdentifier>
      <Extensions>rc;ico;cur;bmp;dlg;rc2;rct;bin;rgs;gif;jpg;jpeg;jpe;resx;tiff;tif;png;wav;mfcribbon-ms</Extensions>
    </Filter>
  </ItemGroup>
  <ItemGroup>
    <None Include="ReadMe.txt" />
    <None Include="res\SafeNotes.rc2">
      <Filter>Resource Files</Filter>
    </None>
    <None Include="res\zss.ico">
      <Filter>Resource Files</Filter>
    </None>
  </ItemGroup>
  <ItemGroup>
    <ClInclude Include="..\keccak\brg_endian.h">
      <Filter>Header Files</Filter>
    </ClInclude>
    <ClInclude Include="..\keccak\KeccakDuplex.h">
      <Filter>Header Files</Filter>
    </ClInclude>
    <ClInclude Include="..\keccak\KeccakF-1600-interface.h">
      <Filter>Header Files</Filter>
    </ClInclude>
    <ClInclude Include="..\afx\stdafx.h">
      <Filter>Header Files</Filter>
    </ClInclude>
    <ClInclude Include="targetver.h">
      <Filter>Header Files</Filter>
    </ClInclude>
    <ClInclude Include="..\resources\woorden.h">
      <Filter>Header Files</Filter>
    </ClInclude>
    <ClInclude Include="..\controls\GradientBox.h">
      <Filter>Header Files</Filter>
    </ClInclude>
    <ClInclude Include="..\dialogs\DialogMessages.h">
      <Filter>Header Files</Filter>
    </ClInclude>
    <ClInclude Include="..\threads\KrypcakThreadInfo.h">
      <Filter>Header Files</Filter>
    </ClInclude>
    <ClInclude Include="..\dialogs\NewPasswordDlg.h">
      <Filter>Header Files</Filter>
    </ClInclude>
    <ClInclude Include="..\dialogs\PasswordDlg.h">
      <Filter>Header Files</Filter>
    </ClInclude>
    <ClInclude Include="..\dialogs\ProgressDlg.h">
      <Filter>Header Files</Filter>
    </ClInclude>
    <ClInclude Include="..\dialogs\RandomDlg.h">
      <Filter>Header Files</Filter>
    </ClInclude>
    <ClInclude Include="..\controls\PswdListCtrl.h">
      <Filter>Header Files</Filter>
    </ClInclude>
    <ClInclude Include="..\dialogs\SetPasswordDlg.h">
      <Filter>Header Files</Filter>
    </ClInclude>
    <ClInclude Include="..\dialogs\ShowContentsDialog.h">
      <Filter>Header Files</Filter>
    </ClInclude>
    <ClInclude Include="..\controls\TabPasswords.h">
      <Filter>Header Files</Filter>
    </ClInclude>
    <ClInclude Include="..\dialogs\WelcomeDlg.h">
      <Filter>Header Files</Filter>
    </ClInclude>
    <ClInclude Include="..\core\Core.h">
      <Filter>Header Files</Filter>
    </ClInclude>
    <ClInclude Include="..\dialogs\SafeNotesDlg.h">
      <Filter>Header Files</Filter>
    </ClInclude>
    <ClInclude Include="..\main\SafeNotes.h">
      <Filter>Header Files</Filter>
    </ClInclude>
    <ClInclude Include="..\resources\resource.h">
      <Filter>Header Files</Filter>
    </ClInclude>
    <ClInclude Include="resource.h">
      <Filter>Header Files</Filter>
    </ClInclude>
    <ClInclude Include="..\prng\KrypcakPRNG.h">
      <Filter>Header Files</Filter>
    </ClInclude>
  </ItemGroup>
  <ItemGroup>
    <ClCompile Include="..\keccak\KeccakDuplex.c">
      <Filter>Source Files</Filter>
    </ClCompile>
    <ClCompile Include="..\keccak\KeccakF-1600-inplace32BI.c">
      <Filter>Source Files</Filter>
    </ClCompile>
    <ClCompile Include="..\core\Core.cpp">
      <Filter>Source Files</Filter>
    </ClCompile>
    <ClCompile Include="..\controls\GradientBox.cpp">
      <Filter>Source Files</Filter>
    </ClCompile>
    <ClCompile Include="..\dialogs\DialogMessages.cpp">
      <Filter>Source Files</Filter>
    </ClCompile>
    <ClCompile Include="..\threads\KrypcakThreadInfo.cpp">
      <Filter>Source Files</Filter>
    </ClCompile>
    <ClCompile Include="..\dialogs\NewPasswordDlg.cpp">
      <Filter>Source Files</Filter>
    </ClCompile>
    <ClCompile Include="..\dialogs\PasswordDlg.cpp">
      <Filter>Source Files</Filter>
    </ClCompile>
    <ClCompile Include="..\dialogs\ProgressDlg.cpp">
      <Filter>Source Files</Filter>
    </ClCompile>
    <ClCompile Include="..\dialogs\RandomDlg.cpp">
      <Filter>Source Files</Filter>
    </ClCompile>
    <ClCompile Include="..\controls\PswdListCtrl.cpp">
      <Filter>Source Files</Filter>
    </ClCompile>
    <ClCompile Include="..\dialogs\SetPasswordDlg.cpp">
      <Filter>Source Files</Filter>
    </ClCompile>
    <ClCompile Include="..\dialogs\ShowContentsDialog.cpp">
      <Filter>Source Files</Filter>
    </ClCompile>
    <ClCompile Include="..\controls\TabPasswords.cpp">
      <Filter>Source Files</Filter>
    </ClCompile>
    <ClCompile Include="..\dialogs\WelcomeDlg.cpp">
      <Filter>Source Files</Filter>
    </ClCompile>
    <ClCompile Include="..\dialogs\SafeNotesDlg.cpp">
      <Filter>Source Files</Filter>
    </ClCompile>
    <ClCompile Include="..\main\SafeNotes.cpp">
      <Filter>Source Files</Filter>
    </ClCompile>
    <ClCompile Include="..\prng\KrypcakPRNG.cpp">
      <Filter>Source Files</Filter>
    </ClCompile>
  </ItemGroup>
  <ItemGroup>
    <ResourceCompile Include="SafeNotes.rc">
      <Filter>Resource Files</Filter>
    </ResourceCompile>
  </ItemGroup>
</Project>